
Microsoft Visual Studio Solution File, Format Version 12.00
# Visual Studio Version 16
VisualStudioVersion = 16.0.30611.23
MinimumVisualStudioVersion = 10.0.40219.1
Project("{9A19103F-16F7-4668-BE54-9A1E7A4F7556}") = "PP_Projekt1", "PP_Projekt1.csproj", "{071AB3B5-BDC9-408F-A513-2F80C2ED824E}"
EndProject
Global
	GlobalSection(SolutionConfigurationPlatforms) = preSolution
		Debug|Any CPU = Debug|Any CPU
		Debug|x64 = Debug|x64
		Release|Any CPU = Release|Any CPU
		Release|x64 = Release|x64
	EndGlobalSection
	GlobalSection(ProjectConfigurationPlatforms) = postSolution
		{071AB3B5-BDC9-408F-A513-2F80C2ED824E}.Debug|Any CPU.ActiveCfg = Debug|Any CPU
		{071AB3B5-BDC9-408F-A513-2F80C2ED824E}.Debug|Any CPU.Build.0 = Debug|Any CPU
		{071AB3B5-BDC9-408F-A513-2F80C2ED824E}.Debug|x64.ActiveCfg = Debug|x64
		{071AB3B5-BDC9-408F-A513-2F80C2ED824E}.Debug|x64.Build.0 = Debug|x64
		{071AB3B5-BDC9-408F-A513-2F80C2ED824E}.Release|Any CPU.ActiveCfg = Release|Any CPU
		{071AB3B5-BDC9-408F-A513-2F80C2ED824E}.Release|Any CPU.Build.0 = Release|Any CPU
		{071AB3B5-BDC9-408F-A513-2F80C2ED824E}.Release|x64.ActiveCfg = Release|x64
		{071AB3B5-BDC9-408F-A513-2F80C2ED824E}.Release|x64.Build.0 = Release|x64
	EndGlobalSection
	GlobalSection(SolutionProperties) = preSolution
		HideSolutionNode = FALSE
	EndGlobalSection
	GlobalSection(ExtensibilityGlobals) = postSolution
		SolutionGuid = {22D7D76F-01EA-4DB4-9086-5440309917F8}
	EndGlobalSection
EndGlobal
